
Microsoft Visual Studio Solution File, Format Version 12.00
# Visual Studio Version 17
VisualStudioVersion = 17.2.32526.322
MinimumVisualStudioVersion = 10.0.40219.1
Project("{FAE04EC0-301F-11D3-BF4B-00C04F79EFBC}") = "multiplayer", "multiplayer.csproj", "{37E039CE-CAB8-4B06-8184-BE9ED9EA21D0}"
EndProject
Global
	GlobalSection(SolutionConfigurationPlatforms) = preSolution
		Debug|Any CPU = Debug|Any CPU
		Release|Any CPU = Release|Any CPU
	EndGlobalSection
	GlobalSection(ProjectConfigurationPlatforms) = postSolution
		{37E039CE-CAB8-4B06-8184-BE9ED9EA21D0}.Debug|Any CPU.ActiveCfg = Debug|Any CPU
		{37E039CE-CAB8-4B06-8184-BE9ED9EA21D0}.Debug|Any CPU.Build.0 = Debug|Any CPU
		{37E039CE-CAB8-4B06-8184-BE9ED9EA21D0}.Release|Any CPU.ActiveCfg = Release|Any CPU
		{37E039CE-CAB8-4B06-8184-BE9ED9EA21D0}.Release|Any CPU.Build.0 = Release|Any CPU
	EndGlobalSection
	GlobalSection(SolutionProperties) = preSolution
		HideSolutionNode = FALSE
	EndGlobalSection
	GlobalSection(ExtensibilityGlobals) = postSolution
		SolutionGuid = {A4437D21-DFBC-4C56-A7FA-E5F4593CAC2A}
	EndGlobalSection
EndGlobal
